<?xml version="1.0" encoding="utf-8"?>
<Project ToolsVersion="4.0" xmlns="http://schemas.microsoft.com/developer/msbuild/2003">
  <ItemGroup>
    <Filter Include="Source Files">
      <UniqueIdentifier>{4FC737F1-C7A5-4376-A066-2A32D752A2FF}</UniqueIdentifier>
      <Extensions>cpp;c;cc;cxx;def;odl;idl;hpj;bat;asm;asmx</Extensions>
    </Filter>
    <Filter Include="Header Files">
      <UniqueIdentifier>{93995380-89BD-4b04-88EB-625FBE52EBFB}</UniqueIdentifier>
      <Extensions>h;hh;hpp;hxx;hm;inl;inc;xsd</Extensions>
    </Filter>
    <Filter Include="Resource Files">
      <UniqueIdentifier>{67DA6AB6-F800-4c08-8B7A-83BB121AAD01}</UniqueIdentifier>
      <Extensions>rc;ico;cur;bmp;dlg;rc2;rct;bin;rgs;gif;jpg;jpeg;jpe;resx;tiff;tif;png;wav;mfcribbon-ms</Extensions>
    </Filter>
    <Filter Include="Source Files\Entities">
      <UniqueIdentifier>{f6421167-76c1-4a7d-bbb4-90fa8428f011}</UniqueIdentifier>
    </Filter>
    <Filter Include="Source Files\Items">
      <UniqueIdentifier>{dc561ee8-a251-4f3e-9cda-ba385f23305d}</UniqueIdentifier>
    </Filter>
    <Filter Include="Source Files\AI">
      <UniqueIdentifier>{39f624d2-87fa-4c66-b808-78b07b17a6ef}</UniqueIdentifier>
    </Filter>
    <Filter Include="Source Files\Game Flow">
      <UniqueIdentifier>{1e6644b2-49bc-4a8a-b97d-0401735bf30e}</UniqueIdentifier>
    </Filter>
    <Filter Include="Source Files\Ammunition">
      <UniqueIdentifier>{95083eee-1a23-4ca6-b77b-c29ed1079716}</UniqueIdentifier>
    </Filter>
    <Filter Include="Source Files\Weapons">
      <UniqueIdentifier>{a3ef6150-1c33-4511-a8d6-b57f0112d47c}</UniqueIdentifier>
    </Filter>
    <Filter Include="Source Files\Monsters">
      <UniqueIdentifier>{869dbc01-436b-4256-8f09-fd2b922e9857}</UniqueIdentifier>
    </Filter>
  </ItemGroup>
  <ItemGroup>
    <ClCompile Include="q_shared.c">
      <Filter>Source Files</Filter>
    </ClCompile>
    <ClCompile Include="ai\ai_base.c">
      <Filter>Source Files</Filter>
    </ClCompile>
    <ClCompile Include="gameplay\game_chase_camera.c">
      <Filter>Source Files</Filter>
    </ClCompile>
    <ClCompile Include="gameplay\game_cmds_client.c">
      <Filter>Source Files</Filter>
    </ClCompile>
    <ClCompile Include="gameplay\game_combat.c">
      <Filter>Source Files</Filter>
    </ClCompile>
    <ClCompile Include="entities\entity_func.c">
      <Filter>Source Files</Filter>
    </ClCompile>
    <ClCompile Include="entities\entity_items.c">
      <Filter>Source Files</Filter>
    </ClCompile>
    <ClCompile Include="gameplay\game_main.c">
      <Filter>Source Files</Filter>
    </ClCompile>
    <ClCompile Include="entities\entity_misc.c">
      <Filter>Source Files</Filter>
    </ClCompile>
    <ClCompile Include="ai\ai_monster.c">
      <Filter>Source Files</Filter>
    </ClCompile>
    <ClCompile Include="physics\physics_base.c">
      <Filter>Source Files</Filter>
    </ClCompile>
    <ClCompile Include="gameplay\game_save.c">
      <Filter>Source Files</Filter>
    </ClCompile>
    <ClCompile Include="entities\entity_base.c">
      <Filter>Source Files</Filter>
    </ClCompile>
    <ClCompile Include="gameplay\game_cmds_server.c">
      <Filter>Source Files</Filter>
    </ClCompile>
    <ClCompile Include="entities\entity_target.c">
      <Filter>Source Files</Filter>
    </ClCompile>
    <ClCompile Include="entities\entity_trigger.c">
      <Filter>Source Files</Filter>
    </ClCompile>
    <ClCompile Include="util\game_utils.c">
      <Filter>Source Files</Filter>
    </ClCompile>
    <ClCompile Include="gameplay\game_client_connect.c">
      <Filter>Source Files</Filter>
    </ClCompile>
    <ClCompile Include="gameplay\game_ui.c">
      <Filter>Source Files</Filter>
    </ClCompile>
    <ClCompile Include="gameplay\game_player_trail.c">
      <Filter>Source Files</Filter>
    </ClCompile>
    <ClCompile Include="gameplay\game_client_view.c">
      <Filter>Source Files</Filter>
    </ClCompile>
    <ClCompile Include="physics\physics_movement.c">
      <Filter>Source Files</Filter>
    </ClCompile>
    <ClCompile Include="gameplay\game_monster_flash.c">
      <Filter>Source Files</Filter>
    </ClCompile>
    <ClCompile Include="ammunition\ammo_melee.c">
      <Filter>Source Files\Ammunition</Filter>
    </ClCompile>
    <ClCompile Include="ammunition\ammo_bullet.c">
      <Filter>Source Files\Ammunition</Filter>
    </ClCompile>
    <ClCompile Include="ammunition\ammo_blaster.c">
      <Filter>Source Files\Ammunition</Filter>
    </ClCompile>
    <ClCompile Include="ammunition\ammo_bamfuslicator.c">
      <Filter>Source Files\Ammunition</Filter>
    </ClCompile>
    <ClCompile Include="ammunition\ammo_grenade.c">
      <Filter>Source Files\Ammunition</Filter>
    </ClCompile>
    <ClCompile Include="ammunition\ammo_rail.c">
      <Filter>Source Files\Ammunition</Filter>
    </ClCompile>
    <ClCompile Include="ammunition\ammo_rocket.c">
      <Filter>Source Files\Ammunition</Filter>
    </ClCompile>
    <ClCompile Include="weapons\weapon_base.c">
      <Filter>Source Files\Weapons</Filter>
    </ClCompile>
    <ClCompile Include="weapons\weapon_grenade_hand.c">
      <Filter>Source Files\Weapons</Filter>
    </ClCompile>
    <ClCompile Include="weapons\weapon_grenade_launcher.c">
      <Filter>Source Files\Weapons</Filter>
    </ClCompile>
    <ClCompile Include="weapons\weapon_rocket_launcher.c">
      <Filter>Source Files\Weapons</Filter>
    </ClCompile>
    <ClCompile Include="weapons\weapon_blaster.c">
      <Filter>Source Files\Weapons</Filter>
    </ClCompile>
    <ClCompile Include="weapons\weapon_blaster_hyper.c">
      <Filter>Source Files\Weapons</Filter>
    </ClCompile>
    <ClCompile Include="weapons\weapon_machinegun.c">
      <Filter>Source Files\Weapons</Filter>
    </ClCompile>
    <ClCompile Include="weapons\weapon_chaingun.c">
      <Filter>Source Files\Weapons</Filter>
    </ClCompile>
    <ClCompile Include="weapons\weapon_shotgun.c">
      <Filter>Source Files\Weapons</Filter>
    </ClCompile>
    <ClCompile Include="weapons\weapon_shotgun_super.c">
      <Filter>Source Files\Weapons</Filter>
    </ClCompile>
    <ClCompile Include="weapons\weapon_railgun.c">
      <Filter>Source Files\Weapons</Filter>
    </ClCompile>
    <ClCompile Include="weapons\weapon_bamfuslicator.c">
      <Filter>Source Files\Weapons</Filter>
    </ClCompile>
    <ClCompile Include="mobs\mob_ogre.c">
      <Filter>Source Files</Filter>
    </ClCompile>
    <ClCompile Include="mobs\mob_zombie.c">
      <Filter>Source Files</Filter>
    </ClCompile>
    <ClCompile Include="mobs\mob_zombie_fast.c">
      <Filter>Source Files</Filter>
    </ClCompile>
    <ClCompile Include="gameplay\game_client_spawn.c">
      <Filter>Source Files</Filter>
    </ClCompile>
    <ClCompile Include="gameplay\game_client.c">
      <Filter>Source Files</Filter>
    </ClCompile>
    <ClCompile Include="weapons\weapon_tangfuslicator.c">
      <Filter>Source Files</Filter>
    </ClCompile>
    <ClCompile Include="ammunition\ammo_tangfuslicator.c">
      <Filter>Source Files</Filter>
    </ClCompile>
    <ClCompile Include="gameplay\game_loadout.c">
      <Filter>Source Files</Filter>
    </ClCompile>
  </ItemGroup>
  <ItemGroup>
    <None Include="game.def">
      <Filter>Resource Files</Filter>
    </None>
  </ItemGroup>
  <ItemGroup>
    <ClInclude Include="q_shared.h">
      <Filter>Header Files</Filter>
    </ClInclude>
    <ClInclude Include="game_local.h">
      <Filter>Header Files</Filter>
    </ClInclude>
    <ClInclude Include="game.h">
      <Filter>Header Files</Filter>
    </ClInclude>
    <ClInclude Include="entities\entity_base.h">
      <Filter>Header Files</Filter>
    </ClInclude>
    <ClInclude Include="mobs\mob_ogre.h">
      <Filter>Header Files</Filter>
    </ClInclude>
    <ClInclude Include="mobs\mob_player.h">
      <Filter>Header Files</Filter>
    </ClInclude>
    <ClInclude Include="mobs\mob_zombie.h">
      <Filter>Header Files</Filter>
    </ClInclude>
    <ClInclude Include="mobs\mob_zombie_fast.h">
      <Filter>Header Files</Filter>
    </ClInclude>
  </ItemGroup>
</Project>